
Microsoft Visual Studio Solution File, Format Version 12.00
# Visual Studio Version 17
VisualStudioVersion = 17.4.33403.182
MinimumVisualStudioVersion = 10.0.40219.1
Project("{9A19103F-16F7-4668-BE54-9A1E7A4F7556}") = "DataGridViewComboBoxCore", "DataGridViewComboBoxCore\DataGridViewComboBoxCore.csproj", "{D20396F8-7ED0-4B51-A78C-B9799F0F9946}"
EndProject
Project("{2150E333-8FDC-42A3-9474-1A3956D46DE8}") = "Solution Items", "Solution Items", "{25A6D34C-E1B0-44A6-8C3B-26E12FD418D5}"
	ProjectSection(SolutionItems) = preProject
		readme.md = readme.md
	EndProjectSection
EndProject
Global
	GlobalSection(SolutionConfigurationPlatforms) = preSolution
		Debug|Any CPU = Debug|Any CPU
		Release|Any CPU = Release|Any CPU
	EndGlobalSection
	GlobalSection(ProjectConfigurationPlatforms) = postSolution
		{D20396F8-7ED0-4B51-A78C-B9799F0F9946}.Debug|Any CPU.ActiveCfg = Debug|Any CPU
		{D20396F8-7ED0-4B51-A78C-B9799F0F9946}.Debug|Any CPU.Build.0 = Debug|Any CPU
		{D20396F8-7ED0-4B51-A78C-B9799F0F9946}.Release|Any CPU.ActiveCfg = Release|Any CPU
		{D20396F8-7ED0-4B51-A78C-B9799F0F9946}.Release|Any CPU.Build.0 = Release|Any CPU
	EndGlobalSection
	GlobalSection(SolutionProperties) = preSolution
		HideSolutionNode = FALSE
	EndGlobalSection
	GlobalSection(ExtensibilityGlobals) = postSolution
		SolutionGuid = {51B88B76-4815-4CDB-A47B-377703DB5001}
	EndGlobalSection
EndGlobal
